
Microsoft Visual Studio Solution File, Format Version 12.00
# Visual Studio Version 17
VisualStudioVersion = 17.11.35222.181
MinimumVisualStudioVersion = 10.0.40219.1
Project("{FAE04EC0-301F-11D3-BF4B-00C04F79EFBC}") = "ZenbakiZozketa", "ZenbakiZozketa\ZenbakiZozketa.csproj", "{DF7C0A92-C2A3-49A7-8673-1AE6E19FC018}"
EndProject
Global
	GlobalSection(SolutionConfigurationPlatforms) = preSolution
		Debug|Any CPU = Debug|Any CPU
		Release|Any CPU = Release|Any CPU
	EndGlobalSection
	GlobalSection(ProjectConfigurationPlatforms) = postSolution
		{DF7C0A92-C2A3-49A7-8673-1AE6E19FC018}.Debug|Any CPU.ActiveCfg = Debug|Any CPU
		{DF7C0A92-C2A3-49A7-8673-1AE6E19FC018}.Debug|Any CPU.Build.0 = Debug|Any CPU
		{DF7C0A92-C2A3-49A7-8673-1AE6E19FC018}.Debug|Any CPU.Deploy.0 = Debug|Any CPU
		{DF7C0A92-C2A3-49A7-8673-1AE6E19FC018}.Release|Any CPU.ActiveCfg = Release|Any CPU
		{DF7C0A92-C2A3-49A7-8673-1AE6E19FC018}.Release|Any CPU.Build.0 = Release|Any CPU
		{DF7C0A92-C2A3-49A7-8673-1AE6E19FC018}.Release|Any CPU.Deploy.0 = Release|Any CPU
	EndGlobalSection
	GlobalSection(SolutionProperties) = preSolution
		HideSolutionNode = FALSE
	EndGlobalSection
	GlobalSection(ExtensibilityGlobals) = postSolution
		SolutionGuid = {23FF947A-B814-47AE-8764-B125FBCDE5E4}
	EndGlobalSection
EndGlobal
